// !$*UTF8*$!
{
	archiveVersion = 1;
	classes = {
	};
	objectVersion = 46;
	objects = {

/* Begin PBXBuildFile section */
		68B0CEA21CC57D6000428EB0 /* AppDelegate.swift in Sources */ = {isa = PBXBuildFile; fileRef = 68B0CEA11CC57D6000428EB0 /* AppDelegate.swift */; };
		68B0CEA41CC57D6000428EB0 /* ViewController.swift in Sources */ = {isa = PBXBuildFile; fileRef = 68B0CEA31CC57D6000428EB0 /* ViewController.swift */; };
		68B0CEA71CC57D6000428EB0 /* Main.storyboard in Resources */ = {isa = PBXBuildFile; fileRef = 68B0CEA51CC57D6000428EB0 /* Main.storyboard */; };
		68B0CEA91CC57D6000428EB0 /* Assets.xcassets in Resources */ = {isa = PBXBuildFile; fileRef = 68B0CEA81CC57D6000428EB0 /* Assets.xcassets */; };
		68B0CEAC1CC57D6000428EB0 /* LaunchScreen.storyboard in Resources */ = {isa = PBXBuildFile; fileRef = 68B0CEAA1CC57D6000428EB0 /* LaunchScreen.storyboard */; };
/* End PBXBuildFile section */

/* Begin PBXFileReference section */
		68B0CE9E1CC57D6000428EB0 /* eyesFree.app */ = {isa = PBXFileReference; explicitFileType = wrapper.application; includeInIndex = 0; path = eyesFree.app; sourceTree = BUILT_PRODUCTS_DIR; };
		68B0CEA11CC57D6000428EB0 /* AppDelegate.swift */ = {isa = PBXFileReference; lastKnownFileType = sourcecode.swift; path = AppDelegate.swift; sourceTree = "<group>"; };
		68B0CEA31CC57D6000428EB0 /* ViewController.swift */ = {isa = PBXFileReference; lastKnownFileType = sourcecode.swift; path = ViewController.swift; sourceTree = "<group>"; };
		68B0CEA61CC57D6000428EB0 /* Base */ = {isa = PBXFileReference; lastKnownFileType = file.storyboard; name = Base; path = Base.lproj/Main.storyboard; sourceTree = "<group>"; };
		68B0CEA81CC57D6000428EB0 /* Assets.xcassets */ = {isa = PBXFileReference; lastKnownFileType = folder.assetcatalog; path = Assets.xcassets; sourceTree = "<group>"; };
		68B0CEAB1CC57D6000428EB0 /* Base */ = {isa = PBXFileReference; lastKnownFileType = file.storyboard; name = Base; path = Base.lproj/LaunchScreen.storyboard; sourceTree = "<group>"; };
		68B0CEAD1CC57D6000428EB0 /* Info.plist */ = {isa = PBXFileReference; lastKnownFileType = text.plist.xml; path = Info.plist; sourceTree = "<group>"; };
/* End PBXFileReference section */

/* Begin PBXFrameworksBuildPhase section */
		68B0CE9B1CC57D6000428EB0 /* Frameworks */ = {
			isa = PBXFrameworksBuildPhase;
			buildActionMask = 2147483647;
			files = (
			);
			runOnlyForDeploymentPostprocessing = 0;
		};
/* End PBXFrameworksBuildPhase section */

/* Begin PBXGroup section */
		68B0CE951CC57D6000428EB0 = {
			isa = PBXGroup;
			children = (
				68B0CEA01CC57D6000428EB0 /* eyesFree */,
				68B0CE9F1CC57D6000428EB0 /* Products */,
			);
			sourceTree = "<group>";
		};
		68B0CE9F1CC57D6000428EB0 /* Products */ = {
			isa = PBXGroup;
			children = (
				68B0CE9E1CC57D6000428EB0 /* eyesFree.app */,
			);
			name = Products;
			sourceTree = "<group>";
		};
		68B0CEA01CC57D6000428EB0 /* eyesFree */ = {
			isa = PBXGroup;
			children = (
				68B0CEA11CC57D6000428EB0 /* AppDelegate.swift */,
				68B0CEA31CC57D6000428EB0 /* ViewController.swift */,
				68B0CEA51CC57D6000428EB0 /* Main.storyboard */,
				68B0CEA81CC57D6000428EB0 /* Assets.xcassets */,
				68B0CEAA1CC57D6000428EB0 /* LaunchScreen.storyboard */,
				68B0CEAD1CC57D6000428EB0 /* Info.plist */,
			);
			path = eyesFree;
			sourceTree = "<group>";
		};
/* End PBXGroup section */

/* Begin PBXNativeTarget section */
		68B0CE9D1CC57D6000428EB0 /* eyesFree */ = {
			isa = PBXNativeTarget;
			buildConfigurationList = 68B0CEB01CC57D6000428EB0 /* Build configuration list for PBXNativeTarget "eyesFree" */;
			buildPhases = (
				68B0CE9A1CC57D6000428EB0 /* Sources */,
				68B0CE9B1CC57D6000428EB0 /* Frameworks */,
				68B0CE9C1CC57D6000428EB0 /* Resources */,
			);
			buildRules = (
			);
			dependencies = (
			);
			name = eyesFree;
			productName = eyesFree;
			productReference = 68B0CE9E1CC57D6000428EB0 /* eyesFree.app */;
			productType = "com.apple.product-type.application";
		};
/* End PBXNativeTarget section */

/* Begin PBXProject section */
		68B0CE961CC57D6000428EB0 /* Project object */ = {
			isa = PBXProject;
			attributes = {
				LastSwiftUpdateCheck = 0730;
				LastUpgradeCheck = 0730;
				ORGANIZATIONNAME = "Zaid Haque";
				TargetAttributes = {
					68B0CE9D1CC57D6000428EB0 = {
						CreatedOnToolsVersion = 7.3;
						DevelopmentTeam = 42UR987J2U;
					};
				};
			};
			buildConfigurationList = 68B0CE991CC57D6000428EB0 /* Build configuration list for PBXProject "eyesFree" */;
			compatibilityVersion = "Xcode 3.2";
			developmentRegion = English;
			hasScannedForEncodings = 0;
			knownRegions = (
				en,
				Base,
			);
			mainGroup = 68B0CE951CC57D6000428EB0;
			productRefGroup = 68B0CE9F1CC57D6000428EB0 /* Products */;
			projectDirPath = "";
			projectRoot = "";
			targets = (
				68B0CE9D1CC57D6000428EB0 /* eyesFree */,
			);
		};
/* End PBXProject section */

/* Begin PBXResourcesBuildPhase section */
		68B0CE9C1CC57D6000428EB0 /* Resources */ = {
			isa = PBXResourcesBuildPhase;
			buildActionMask = 2147483647;
			files = (
				68B0CEAC1CC57D6000428EB0 /* LaunchScreen.storyboard in Resources */,
				68B0CEA91CC57D6000428EB0 /* Assets.xcassets in Resources */,
				68B0CEA71CC57D6000428EB0 /* Main.storyboard in Resources */,
			);
			runOnlyForDeploymentPostprocessing = 0;
		};
/* End PBXResourcesBuildPhase section */

/* Begin PBXSourcesBuildPhase section */
		68B0CE9A1CC57D6000428EB0 /* Sources */ = {
			isa = PBXSourcesBuildPhase;
			buildActionMask = 2147483647;
			files = (
				68B0CEA41CC57D6000428EB0 /* ViewController.swift in Sources */,
				68B0CEA21CC57D6000428EB0 /* AppDelegate.swift in Sources */,
			);
			runOnlyForDeploymentPostprocessing = 0;
		};
/* End PBXSourcesBuildPhase section */

/* Begin PBXVariantGroup section */
		68B0CEA51CC57D6000428EB0 /* Main.storyboard */ = {
			isa = PBXVariantGroup;
			children = (
				68B0CEA61CC57D6000428EB0 /* Base */,
			);
			name = Main.storyboard;
			sourceTree = "<group>";
		};
		68B0CEAA1CC57D6000428EB0 /* LaunchScreen.storyboard */ = {
			isa = PBXVariantGroup;
			children = (
				68B0CEAB1CC57D6000428EB0 /* Base */,
			);
			name = LaunchScreen.storyboard;
			sourceTree = "<group>";
		};
/* End PBXVariantGroup section */

/* Begin XCBuildConfiguration section */
		68B0CEAE1CC57D6000428EB0 /* Debug */ = {
			isa = XCBuildConfiguration;
			buildSettings = {
				ALWAYS_SEARCH_USER_PATHS = NO;
				CLANG_ANALYZER_NONNULL = YES;
				CLANG_CXX_LANGUAGE_STANDARD = "gnu++0x";
				CLANG_CXX_LIBRARY = "libc++";
				CLANG_ENABLE_MODULES = YES;
				CLANG_ENABLE_OBJC_ARC = YES;
				CLANG_WARN_BOOL_CONVERSION = YES;
				CLANG_WARN_CONSTANT_CONVERSION = YES;
				CLANG_WARN_DIRECT_OBJC_ISA_USAGE = YES_ERROR;
				CLANG_WARN_EMPTY_BODY = YES;
				CLANG_WARN_ENUM_CONVERSION = YES;
				CLANG_WARN_INT_CONVERSION = YES;
				CLANG_WARN_OBJC_ROOT_CLASS = YES_ERROR;
				CLANG_WARN_UNREACHABLE_CODE = YES;
				CLANG_WARN__DUPLICATE_METHOD_MATCH = YES;
				"CODE_SIGN_IDENTITY[sdk=iphoneos*]" = "iPhone Developer";
				COPY_PHASE_STRIP = NO;
				DEBUG_INFORMATION_FORMAT = dwarf;
				ENABLE_STRICT_OBJC_MSGSEND = YES;
				ENABLE_TESTABILITY = YES;
				GCC_C_LANGUAGE_STANDARD = gnu99;
				GCC_DYNAMIC_NO_PIC = NO;
				GCC_NO_COMMON_BLOCKS = YES;
				GCC_OPTIMIZATION_LEVEL = 0;
				GCC_PREPROCESSOR_DEFINITIONS = (
					"DEBUG=1",
					"$(inherited)",
				);
				GCC_WARN_64_TO_32_BIT_CONVERSION = YES;
				GCC_WARN_ABOUT_RETURN_TYPE = YES_ERROR;
				GCC_WARN_UNDECLARED_SELECTOR = YES;
				GCC_WARN_UNINITIALIZED_AUTOS = YES_AGGRESSIVE;
				GCC_WARN_UNUSED_FUNCTION = YES;
				GCC_WARN_UNUSED_VARIABLE = YES;
				IPHONEOS_DEPLOYMENT_TARGET = 9.3;
				MTL_ENABLE_DEBUG_INFO = YES;
				ONLY_ACTIVE_ARCH = YES;
				SDKROOT = iphoneos;
				SWIFT_OPTIMIZATION_LEVEL = "-Onone";
				TARGETED_DEVICE_FAMILY = "1,2";
			};
			name = Debug;
		};
		68B0CEAF1CC57D6000428EB0 /* Release */ = {
			isa = XCBuildConfiguration;
			buildSettings = {
				ALWAYS_SEARCH_USER_PATHS = NO;
				CLANG_ANALYZER_NONNULL = YES;
				CLANG_CXX_LANGUAGE_STANDARD = "gnu++0x";
				CLANG_CXX_LIBRARY = "libc++";
				CLANG_ENABLE_MODULES = YES;
				CLANG_ENABLE_OBJC_ARC = YES;
				CLANG_WARN_BOOL_CONVERSION = YES;
				CLANG_WARN_CONSTANT_CONVERSION = YES;
				CLANG_WARN_DIRECT_OBJC_ISA_USAGE = YES_ERROR;
				CLANG_WARN_EMPTY_BODY = YES;
				CLANG_WARN_ENUM_CONVERSION = YES;
				CLANG_WARN_INT_CONVERSION = YES;
				CLANG_WARN_OBJC_ROOT_CLASS = YES_ERROR;
				CLANG_WARN_UNREACHABLE_CODE = YES;
				CLANG_WARN__DUPLICATE_METHOD_MATCH = YES;
				"CODE_SIGN_IDENTITY[sdk=iphoneos*]" = "iPhone Developer";
				COPY_PHASE_STRIP = NO;
				DEBUG_INFORMATION_FORMAT = "dwarf-with-dsym";
				ENABLE_NS_ASSERTIONS = NO;
				ENABLE_STRICT_OBJC_MSGSEND = YES;
				GCC_C_LANGUAGE_STANDARD = gnu99;
				GCC_NO_COMMON_BLOCKS = YES;
				GCC_WARN_64_TO_32_BIT_CONVERSION = YES;
				GCC_WARN_ABOUT_RETURN_TYPE = YES_ERROR;
				GCC_WARN_UNDECLARED_SELECTOR = YES;
				GCC_WARN_UNINITIALIZED_AUTOS = YES_AGGRESSIVE;
				GCC_WARN_UNUSED_FUNCTION = YES;
				GCC_WARN_UNUSED_VARIABLE = YES;
				IPHONEOS_DEPLOYMENT_TARGET = 9.3;
				MTL_ENABLE_DEBUG_INFO = NO;
				SDKROOT = iphoneos;
				TARGETED_DEVICE_FAMILY = "1,2";
				VALIDATE_PRODUCT = YES;
			};
			name = Release;
		};
		68B0CEB11CC57D6000428EB0 /* Debug */ = {
			isa = XCBuildConfiguration;
			buildSettings = {
				ASSETCATALOG_COMPILER_APPICON_NAME = AppIcon;
				CODE_SIGN_IDENTITY = "iPhone Developer";
				INFOPLIST_FILE = eyesFree/Info.plist;
				LD_RUNPATH_SEARCH_PATHS = "$(inherited) @executable_path/Frameworks";
				PRODUCT_BUNDLE_IDENTIFIER = edu.CornellTech.eyesFree;
				PRODUCT_NAME = "$(TARGET_NAME)";
			};
			name = Debug;
		};
		68B0CEB21CC57D6000428EB0 /* Release */ = {
			isa = XCBuildConfiguration;
			buildSettings = {
				ASSETCATALOG_COMPILER_APPICON_NAME = AppIcon;
				CODE_SIGN_IDENTITY = "iPhone Developer";
				INFOPLIST_FILE = eyesFree/Info.plist;
				LD_RUNPATH_SEARCH_PATHS = "$(inherited) @executable_path/Frameworks";
				PRODUCT_BUNDLE_IDENTIFIER = edu.CornellTech.eyesFree;
				PRODUCT_NAME = "$(TARGET_NAME)";
			};
			name = Release;
		};
/* End XCBuildConfiguration section */

/* Begin XCConfigurationList section */
		68B0CE991CC57D6000428EB0 /* Build configuration list for PBXProject "eyesFree" */ = {
			isa = XCConfigurationList;
			buildConfigurations = (
				68B0CEAE1CC57D6000428EB0 /* Debug */,
				68B0CEAF1CC57D6000428EB0 /* Release */,
			);
			defaultConfigurationIsVisible = 0;
			defaultConfigurationName = Release;
		};
		68B0CEB01CC57D6000428EB0 /* Build configuration list for PBXNativeTarget "eyesFree" */ = {
			isa = XCConfigurationList;
			buildConfigurations = (
				68B0CEB11CC57D6000428EB0 /* Debug */,
				68B0CEB21CC57D6000428EB0 /* Release */,
			);
			defaultConfigurationIsVisible = 0;
		};
/* End XCConfigurationList section */
	};
	rootObject = 68B0CE961CC57D6000428EB0 /* Project object */;
}
